
Microsoft Visual Studio Solution File, Format Version 12.00
# Visual Studio Version 17
VisualStudioVersion = 17.6.33723.286
MinimumVisualStudioVersion = 10.0.40219.1
Project("{FAE04EC0-301F-11D3-BF4B-00C04F79EFBC}") = "HouseholdBudgetApp", "HouseholdBudgetApp\HouseholdBudgetApp.csproj", "{F5E1EC3D-28CE-4ACF-99D0-071E3DD3CD60}"
EndProject
Global
	GlobalSection(SolutionConfigurationPlatforms) = preSolution
		Debug|Any CPU = Debug|Any CPU
		Release|Any CPU = Release|Any CPU
	EndGlobalSection
	GlobalSection(ProjectConfigurationPlatforms) = postSolution
		{F5E1EC3D-28CE-4ACF-99D0-071E3DD3CD60}.Debug|Any CPU.ActiveCfg = Debug|Any CPU
		{F5E1EC3D-28CE-4ACF-99D0-071E3DD3CD60}.Debug|Any CPU.Build.0 = Debug|Any CPU
		{F5E1EC3D-28CE-4ACF-99D0-071E3DD3CD60}.Release|Any CPU.ActiveCfg = Release|Any CPU
		{F5E1EC3D-28CE-4ACF-99D0-071E3DD3CD60}.Release|Any CPU.Build.0 = Release|Any CPU
	EndGlobalSection
	GlobalSection(SolutionProperties) = preSolution
		HideSolutionNode = FALSE
	EndGlobalSection
	GlobalSection(ExtensibilityGlobals) = postSolution
		SolutionGuid = {2668A81F-B64E-45D3-8A52-A3A10D30D110}
	EndGlobalSection
EndGlobal
